
Microsoft Visual Studio Solution File, Format Version 12.00
Project("{FAE04EC0-301F-11D3-BF4B-00C04F79EFBC}") = "Offerle_Alexandre_Tp1", "Offerle_Alexandre_Tp1\Offerle_Alexandre_Tp1.csproj", "{2EA56409-2DC8-435D-A710-F56CE9D8F4BB}"
EndProject
Global
	GlobalSection(SolutionConfigurationPlatforms) = preSolution
		Debug|Any CPU = Debug|Any CPU
		Release|Any CPU = Release|Any CPU
	EndGlobalSection
	GlobalSection(ProjectConfigurationPlatforms) = postSolution
		{2EA56409-2DC8-435D-A710-F56CE9D8F4BB}.Debug|Any CPU.ActiveCfg = Debug|Any CPU
		{2EA56409-2DC8-435D-A710-F56CE9D8F4BB}.Debug|Any CPU.Build.0 = Debug|Any CPU
		{2EA56409-2DC8-435D-A710-F56CE9D8F4BB}.Release|Any CPU.ActiveCfg = Release|Any CPU
		{2EA56409-2DC8-435D-A710-F56CE9D8F4BB}.Release|Any CPU.Build.0 = Release|Any CPU
	EndGlobalSection
EndGlobal
